
Microsoft Visual Studio Solution File, Format Version 12.00
# Visual Studio Version 17
VisualStudioVersion = 17.10.35027.167
MinimumVisualStudioVersion = 10.0.40219.1
Project("{FAE04EC0-301F-11D3-BF4B-00C04F79EFBC}") = "FN.AutoHost", "FN.AutoHost\FN.AutoHost.csproj", "{44BCBA4A-9491-43EB-A9D0-668EC8F7D41A}"
EndProject
Global
	GlobalSection(SolutionConfigurationPlatforms) = preSolution
		Debug|Any CPU = Debug|Any CPU
		Release|Any CPU = Release|Any CPU
	EndGlobalSection
	GlobalSection(ProjectConfigurationPlatforms) = postSolution
		{44BCBA4A-9491-43EB-A9D0-668EC8F7D41A}.Debug|Any CPU.ActiveCfg = Debug|Any CPU
		{44BCBA4A-9491-43EB-A9D0-668EC8F7D41A}.Debug|Any CPU.Build.0 = Debug|Any CPU
		{44BCBA4A-9491-43EB-A9D0-668EC8F7D41A}.Release|Any CPU.ActiveCfg = Release|Any CPU
		{44BCBA4A-9491-43EB-A9D0-668EC8F7D41A}.Release|Any CPU.Build.0 = Release|Any CPU
	EndGlobalSection
	GlobalSection(SolutionProperties) = preSolution
		HideSolutionNode = FALSE
	EndGlobalSection
	GlobalSection(ExtensibilityGlobals) = postSolution
		SolutionGuid = {B4761BC1-49D5-43B8-B651-AB975DE2585E}
	EndGlobalSection
EndGlobal
